{
  "pins" : [
    {
      "identity" : "swiftrater",
      "kind" : "remoteSourceControl",
      "location" : "https://github.com/takecian/SwiftRater.git",
      "state" : {
        "revision" : "8ffadad3709783c9195d358db0c73be4ee9fbc2a",
        "version" : "2.0.0"
      }
    }
  ],
  "version" : 2
}
